
Microsoft Visual Studio Solution File, Format Version 12.00
# Visual Studio 15
VisualStudioVersion = 15.0.28307.1321
MinimumVisualStudioVersion = 10.0.40219.1
Project("{FAE04EC0-301F-11D3-BF4B-00C04F79EFBC}") = "TP2", "TP2\TP2.csproj", "{FDE82E4F-068C-40C7-A062-23C9371A8B97}"
EndProject
Project("{FAE04EC0-301F-11D3-BF4B-00C04F79EFBC}") = "Entidades", "..\ADO.NET\Entidades\Entidades.csproj", "{197A3BFA-9E9F-45C8-A592-6A25C3900AAD}"
EndProject
Project("{FAE04EC0-301F-11D3-BF4B-00C04F79EFBC}") = "Procedures", "..\ADO.NET\Procedures\Procedures.csproj", "{727C674D-9E16-439B-A9DC-150E06FFAE6D}"
EndProject
Project("{FAE04EC0-301F-11D3-BF4B-00C04F79EFBC}") = "Services", "..\ADO.NET\Services\Services.csproj", "{B9EA5CF0-D125-4A87-AF89-B8EA795F42CE}"
EndProject
Project("{FAE04EC0-301F-11D3-BF4B-00C04F79EFBC}") = "DAL", "..\ADO.NET\DAL\DAL.csproj", "{1557BA14-5B8F-4363-A7B1-1D6C18BDE70D}"
EndProject
Project("{FAE04EC0-301F-11D3-BF4B-00C04F79EFBC}") = "Functions", "..\ADO.NET\Functions\Functions.csproj", "{F21186E9-71A5-4D9C-AADF-EC007A577AE9}"
EndProject
Project("{FAE04EC0-301F-11D3-BF4B-00C04F79EFBC}") = "Transaction", "Transaction\Transaction.csproj", "{EF116688-E04F-4114-9F91-194FDAB57A64}"
EndProject
Global
	GlobalSection(SolutionConfigurationPlatforms) = preSolution
		Debug|Any CPU = Debug|Any CPU
		Release|Any CPU = Release|Any CPU
	EndGlobalSection
	GlobalSection(ProjectConfigurationPlatforms) = postSolution
		{FDE82E4F-068C-40C7-A062-23C9371A8B97}.Debug|Any CPU.ActiveCfg = Debug|Any CPU
		{FDE82E4F-068C-40C7-A062-23C9371A8B97}.Debug|Any CPU.Build.0 = Debug|Any CPU
		{FDE82E4F-068C-40C7-A062-23C9371A8B97}.Release|Any CPU.ActiveCfg = Release|Any CPU
		{FDE82E4F-068C-40C7-A062-23C9371A8B97}.Release|Any CPU.Build.0 = Release|Any CPU
		{197A3BFA-9E9F-45C8-A592-6A25C3900AAD}.Debug|Any CPU.ActiveCfg = Debug|Any CPU
		{197A3BFA-9E9F-45C8-A592-6A25C3900AAD}.Debug|Any CPU.Build.0 = Debug|Any CPU
		{197A3BFA-9E9F-45C8-A592-6A25C3900AAD}.Release|Any CPU.ActiveCfg = Release|Any CPU
		{197A3BFA-9E9F-45C8-A592-6A25C3900AAD}.Release|Any CPU.Build.0 = Release|Any CPU
		{727C674D-9E16-439B-A9DC-150E06FFAE6D}.Debug|Any CPU.ActiveCfg = Debug|Any CPU
		{727C674D-9E16-439B-A9DC-150E06FFAE6D}.Debug|Any CPU.Build.0 = Debug|Any CPU
		{727C674D-9E16-439B-A9DC-150E06FFAE6D}.Release|Any CPU.ActiveCfg = Release|Any CPU
		{727C674D-9E16-439B-A9DC-150E06FFAE6D}.Release|Any CPU.Build.0 = Release|Any CPU
		{B9EA5CF0-D125-4A87-AF89-B8EA795F42CE}.Debug|Any CPU.ActiveCfg = Debug|Any CPU
		{B9EA5CF0-D125-4A87-AF89-B8EA795F42CE}.Debug|Any CPU.Build.0 = Debug|Any CPU
		{B9EA5CF0-D125-4A87-AF89-B8EA795F42CE}.Release|Any CPU.ActiveCfg = Release|Any CPU
		{B9EA5CF0-D125-4A87-AF89-B8EA795F42CE}.Release|Any CPU.Build.0 = Release|Any CPU
		{1557BA14-5B8F-4363-A7B1-1D6C18BDE70D}.Debug|Any CPU.ActiveCfg = Debug|Any CPU
		{1557BA14-5B8F-4363-A7B1-1D6C18BDE70D}.Debug|Any CPU.Build.0 = Debug|Any CPU
		{1557BA14-5B8F-4363-A7B1-1D6C18BDE70D}.Release|Any CPU.ActiveCfg = Release|Any CPU
		{1557BA14-5B8F-4363-A7B1-1D6C18BDE70D}.Release|Any CPU.Build.0 = Release|Any CPU
		{F21186E9-71A5-4D9C-AADF-EC007A577AE9}.Debug|Any CPU.ActiveCfg = Debug|Any CPU
		{F21186E9-71A5-4D9C-AADF-EC007A577AE9}.Debug|Any CPU.Build.0 = Debug|Any CPU
		{F21186E9-71A5-4D9C-AADF-EC007A577AE9}.Release|Any CPU.ActiveCfg = Release|Any CPU
		{F21186E9-71A5-4D9C-AADF-EC007A577AE9}.Release|Any CPU.Build.0 = Release|Any CPU
		{EF116688-E04F-4114-9F91-194FDAB57A64}.Debug|Any CPU.ActiveCfg = Debug|Any CPU
		{EF116688-E04F-4114-9F91-194FDAB57A64}.Debug|Any CPU.Build.0 = Debug|Any CPU
		{EF116688-E04F-4114-9F91-194FDAB57A64}.Release|Any CPU.ActiveCfg = Release|Any CPU
		{EF116688-E04F-4114-9F91-194FDAB57A64}.Release|Any CPU.Build.0 = Release|Any CPU
	EndGlobalSection
	GlobalSection(SolutionProperties) = preSolution
		HideSolutionNode = FALSE
	EndGlobalSection
	GlobalSection(ExtensibilityGlobals) = postSolution
		SolutionGuid = {3AC287A4-D76E-47F6-A005-36CBEB138143}
	EndGlobalSection
EndGlobal
